adr-kit          8f69a64d35974ac168187e375523fbbe3df76e90
basic-memory     ffbb6e9d66b6db73aafa370f5a5386bff3cb9186
claude-code      18be13be81538c38efa5cb157fb2fc8da7469855
codex            3abbf9fe2c6b6910e9de61f6a0c5bb468f74b5c8
deciduous        27e564aa5580492a36beacd39938f164e60737d1
loregraph        6d96bcb1cba4af1028c26550738232df600bebeb
memory-bank      9ea9b62cf743d1f166e3425d73343532856a90a5
robrain          f7f36600aa28b743c9e4608d8dc581c775538f85
